
Microsoft Visual Studio Solution File, Format Version 12.00
# Visual Studio Version 16
VisualStudioVersion = 16.0.30711.63
MinimumVisualStudioVersion = 10.0.40219.1
Project("{FAE04EC0-301F-11D3-BF4B-00C04F79EFBC}") = "SalesWebMvc", "SalesWebMvc\SalesWebMvc.csproj", "{5EC7A92D-7D10-4B1E-8E24-F3FBA6B35C92}"
EndProject
Global
	GlobalSection(SolutionConfigurationPlatforms) = preSolution
		Debug|Any CPU = Debug|Any CPU
		Release|Any CPU = Release|Any CPU
	EndGlobalSection
	GlobalSection(ProjectConfigurationPlatforms) = postSolution
		{5EC7A92D-7D10-4B1E-8E24-F3FBA6B35C92}.Debug|Any CPU.ActiveCfg = Debug|Any CPU
		{5EC7A92D-7D10-4B1E-8E24-F3FBA6B35C92}.Debug|Any CPU.Build.0 = Debug|Any CPU
		{5EC7A92D-7D10-4B1E-8E24-F3FBA6B35C92}.Release|Any CPU.ActiveCfg = Release|Any CPU
		{5EC7A92D-7D10-4B1E-8E24-F3FBA6B35C92}.Release|Any CPU.Build.0 = Release|Any CPU
	EndGlobalSection
	GlobalSection(SolutionProperties) = preSolution
		HideSolutionNode = FALSE
	EndGlobalSection
	GlobalSection(ExtensibilityGlobals) = postSolution
		SolutionGuid = {34872327-6AAA-431B-BBAA-2C80B294E445}
	EndGlobalSection
EndGlobal
